hash: 7873f75061b03685fab1d37fa10ae2d9249507813e75d280fc0acfb9b629147f
updated: 2019-06-19T15:14:21.861240435+02:00
imports:
- name: github.com/cenkalti/backoff
  version: 2146c93394225c3732078705043ce9f26584d334
- name: github.com/dgrijalva/jwt-go
  version: 7cd734deee981ccda9fd90491dd093dadf75162a
- name: github.com/eclipse/paho.mqtt.golang
  version: adca289fdcf8c883800aafa545bc263452290bae
  subpackages:
  - packets
- name: github.com/energieip/common-components-go
  version: 6115c32e60ba1755803049b611b9490454e14c23
  subpackages:
  - pkg/database
  - pkg/dblind
  - pkg/dgroup
  - pkg/dhvac
  - pkg/dled
  - pkg/dsensor
  - pkg/dserver
  - pkg/dswitch
  - pkg/duser
  - pkg/network
  - pkg/pconst
  - pkg/service
  - pkg/tools
- name: github.com/golang/protobuf
  version: b285ee9cfc6c881bb20c0d8dc73370ea9b9ec90f
  subpackages:
  - proto
- name: github.com/gorilla/context
  version: 51ce91d2eaddeca0ef29a71d766bb3634dadf729
- name: github.com/gorilla/mux
  version: ed099d42384823742bba0bf9a72b53b55c9e2e38
- name: github.com/gorilla/websocket
  version: 80c2d40e9b91f2ef7a9c1a403aeec64d1b89a9a6
- name: github.com/hailocab/go-hostpool
  version: e80d13ce29ede4452c43dea11e79b9bc8a15b478
- name: github.com/konsorten/go-windows-terminal-sequences
  version: f55edac94c9bbba5d6182a4be46d86a2c9b5b50e
- name: github.com/mitchellh/mapstructure
  version: 3536a929edddb9a5b34bd6861dc4a9647cb459fe
- name: github.com/opentracing/opentracing-go
  version: 659c90643e714681897ec2521c60567dd21da733
  subpackages:
  - ext
  - log
- name: github.com/orcaman/concurrent-map
  version: 2693aad1ed7517c2bb5b3a42cb8fde88b941d89d
- name: github.com/romana/rlog
  version: f018bc92e7d71f27c04e04cbf008860416c21d01
- name: github.com/sirupsen/logrus
  version: 2a22dbedbad1fd454910cd1f44f210ef90c28464
- name: golang.org/x/crypto
  version: ea8f1a30c4438cc8b13f05538385ad8dc6049b43
  subpackages:
  - pbkdf2
- name: golang.org/x/net
  version: b5b0513f8c1bb7c1e3e6f168fba117131fe2614a
  subpackages:
  - context
  - internal/socks
  - proxy
  - websocket
- name: golang.org/x/sys
  version: 516e3c20635fbe39539f7ed361a15c51fec29cd8
  subpackages:
  - unix
- name: gopkg.in/fatih/pool.v2
  version: 010e0b745d12eaf8426c95f9c3924d81dd0b668f
- name: gopkg.in/rethinkdb/rethinkdb-go.v5
  version: 442075482543497ce5f159d3dea451dc43bd1c0a
  subpackages:
  - encoding
  - ql2
  - types
testImports: []
