hash: 7873f75061b03685fab1d37fa10ae2d9249507813e75d280fc0acfb9b629147f
updated: 2019-05-16T12:03:15.737310626+02:00
imports:
- name: github.com/cenkalti/backoff
  version: 2146c93394225c3732078705043ce9f26584d334
- name: github.com/dgrijalva/jwt-go
  version: 3af4c746e1c248ee8491a3e0c6f7a9cd831e95f8
- name: github.com/eclipse/paho.mqtt.golang
  version: adca289fdcf8c883800aafa545bc263452290bae
  subpackages:
  - packets
- name: github.com/energieip/common-components-go
  version: e0a3815e341261331d588e5d9c819ce821f4a2a6
  subpackages:
  - pkg/database
  - pkg/dblind
  - pkg/dgroup
  - pkg/dhvac
  - pkg/dled
  - pkg/dsensor
  - pkg/dswitch
  - pkg/duser
  - pkg/network
  - pkg/service
  - pkg/tools
- name: github.com/golang/protobuf
  version: e91709a02e0e8ff8b86b7aa913fdc9ae9498e825
  subpackages:
  - proto
- name: github.com/gorilla/context
  version: 51ce91d2eaddeca0ef29a71d766bb3634dadf729
- name: github.com/gorilla/mux
  version: c5c6c98bc25355028a63748a498942a6398ccd22
- name: github.com/gorilla/websocket
  version: 80c2d40e9b91f2ef7a9c1a403aeec64d1b89a9a6
- name: github.com/hailocab/go-hostpool
  version: e80d13ce29ede4452c43dea11e79b9bc8a15b478
- name: github.com/konsorten/go-windows-terminal-sequences
  version: f55edac94c9bbba5d6182a4be46d86a2c9b5b50e
- name: github.com/mitchellh/mapstructure
  version: 3536a929edddb9a5b34bd6861dc4a9647cb459fe
- name: github.com/opentracing/opentracing-go
  version: 659c90643e714681897ec2521c60567dd21da733
  subpackages:
  - ext
  - log
- name: github.com/orcaman/concurrent-map
  version: 2693aad1ed7517c2bb5b3a42cb8fde88b941d89d
- name: github.com/romana/rlog
  version: f018bc92e7d71f27c04e04cbf008860416c21d01
- name: github.com/sirupsen/logrus
  version: f0375eb5b588893ff556c71dee32d98e57a9b777
- name: golang.org/x/crypto
  version: 22d7a77e9e5f409e934ed268692e56707cd169e5
  subpackages:
  - pbkdf2
- name: golang.org/x/net
  version: 3ec19112720433827bbce8be9342797f5a6aaaf9
  subpackages:
  - context
  - internal/socks
  - proxy
  - websocket
- name: golang.org/x/sys
  version: cab07311ab81fc7f180fddf7410b604373b20a00
  subpackages:
  - unix
- name: gopkg.in/fatih/pool.v2
  version: 010e0b745d12eaf8426c95f9c3924d81dd0b668f
- name: gopkg.in/rethinkdb/rethinkdb-go.v5
  version: 442075482543497ce5f159d3dea451dc43bd1c0a
  subpackages:
  - encoding
  - ql2
  - types
testImports: []
